
Microsoft Visual Studio Solution File, Format Version 12.00
# Visual Studio Version 17
VisualStudioVersion = 17.3.32929.385
MinimumVisualStudioVersion = 10.0.40219.1
Project("{2150E333-8FDC-42A3-9474-1A3956D46DE8}") = "CSharp", "CSharp", "{A3C45F0F-07B5-4E65-AAD4-B90A37F74DBC}"
EndProject
Project("{2150E333-8FDC-42A3-9474-1A3956D46DE8}") = "VB.NET", "VB.NET", "{1E24F525-463D-4ADC-B014-1FFDA51F2421}"
EndProject
Project("{FAE04EC0-301F-11D3-BF4B-00C04F79EFBC}") = "Cap1CSharp", "Cap1CSharp\Cap1CSharp.csproj", "{7BA248AA-0957-492C-9B3E-C6C279B86F12}"
EndProject
Project("{F184B08F-C81C-45F6-A57F-5ABD9991F28F}") = "Cap1VB", "Cap1VB\Cap1VB.vbproj", "{54F576DA-0857-4E04-92A0-0CEA8BBBABF6}"
EndProject
Project("{FAE04EC0-301F-11D3-BF4B-00C04F79EFBC}") = "Cap2CSharp", "Cap2CSharp\Cap2CSharp.csproj", "{85BA9389-781B-49A9-9A5B-E75EFB6CE457}"
EndProject
Project("{F184B08F-C81C-45F6-A57F-5ABD9991F28F}") = "Cap2VB", "Cap2VB\Cap2VB.vbproj", "{8EDBAF64-0814-44EA-A893-C96319261594}"
EndProject
Project("{FAE04EC0-301F-11D3-BF4B-00C04F79EFBC}") = "Cap3CSharp", "Cap3CSharp\Cap3CSharp.csproj", "{A79B842A-D094-4719-B7AD-B2EB6B53DD1A}"
EndProject
Project("{F184B08F-C81C-45F6-A57F-5ABD9991F28F}") = "Cap3VB", "Cap3VB\Cap3VB.vbproj", "{38B48BAA-B7BD-4BAD-A18E-B405EB2E6ECB}"
EndProject
Project("{FAE04EC0-301F-11D3-BF4B-00C04F79EFBC}") = "Cap4CSharp", "Cap4CSharp\Cap4CSharp.csproj", "{37B0DE14-804B-40E5-BCBC-2214A8FBF462}"
EndProject
Project("{F184B08F-C81C-45F6-A57F-5ABD9991F28F}") = "Cap4VB", "Cap4VB\Cap4VB.vbproj", "{121F3F8B-BADA-405A-B397-27A3F4F0138F}"
EndProject
Project("{FAE04EC0-301F-11D3-BF4B-00C04F79EFBC}") = "Cap5CSharp", "Cap5CSharp\Cap5CSharp.csproj", "{528EEEE6-9FDC-4D4C-AEC5-F57A539872B0}"
EndProject
Project("{F184B08F-C81C-45F6-A57F-5ABD9991F28F}") = "Cap5VB", "Cap5VB\Cap5VB.vbproj", "{F9A6877B-FAFC-4169-911E-25CD0ECB2A4D}"
EndProject
Project("{FAE04EC0-301F-11D3-BF4B-00C04F79EFBC}") = "Cap6CSharp", "Cap6CSharp\Cap6CSharp.csproj", "{628FB513-95E4-4290-930B-8D04DCEB40EA}"
EndProject
Project("{F184B08F-C81C-45F6-A57F-5ABD9991F28F}") = "Cap6VB", "Cap6VB\Cap6VB.vbproj", "{E30DE71C-FAA7-420A-98F8-758BAF0AD1FA}"
EndProject
Project("{FAE04EC0-301F-11D3-BF4B-00C04F79EFBC}") = "Cap7CSharp", "Cap7CSharp\Cap7CSharp.csproj", "{98C7E345-4687-4907-9662-7041B96396DA}"
EndProject
Project("{FAE04EC0-301F-11D3-BF4B-00C04F79EFBC}") = "Cap8CSharp", "Cap8CSharp\Cap8CSharp.csproj", "{D74361A8-6FEA-4F59-BB4C-B09DB0D5921D}"
EndProject
Project("{F184B08F-C81C-45F6-A57F-5ABD9991F28F}") = "Cap8VB", "Cap8VB\Cap8VB.vbproj", "{A3DDC141-94C2-4254-992D-453743FF2CCE}"
EndProject
Project("{FAE04EC0-301F-11D3-BF4B-00C04F79EFBC}") = "Cap9CSharp", "Cap9CSharp\Cap9CSharp.csproj", "{4ACE7904-4EDD-42C9-872A-5D13E8DE3D25}"
EndProject
Project("{F184B08F-C81C-45F6-A57F-5ABD9991F28F}") = "Cap9VB", "Cap9VB\Cap9VB.vbproj", "{A47F7022-F2E1-4841-BBF7-ECA6C3E78AFD}"
EndProject
Project("{FAE04EC0-301F-11D3-BF4B-00C04F79EFBC}") = "Cap10CSharp", "Cap10CSharp\Cap10CSharp.csproj", "{351F4372-C8B4-4C0E-86DE-70D308FF078A}"
EndProject
Project("{F184B08F-C81C-45F6-A57F-5ABD9991F28F}") = "Cap10VB", "Cap10VB\Cap10VB.vbproj", "{8AF8CBD2-B43E-48A7-9C89-3E11314BA277}"
EndProject
Project("{FAE04EC0-301F-11D3-BF4B-00C04F79EFBC}") = "Cap11CSharp", "Cap11CSharp\Cap11CSharp.csproj", "{F1CCFA00-1994-4208-85EE-8071B1E1F120}"
EndProject
Project("{F184B08F-C81C-45F6-A57F-5ABD9991F28F}") = "Cap11VB", "Cap11VB\Cap11VB.vbproj", "{F7225A31-5576-4F08-86C6-E62756B0B425}"
EndProject
Project("{FAE04EC0-301F-11D3-BF4B-00C04F79EFBC}") = "Cap12CSharp", "Cap12CSharp\Cap12CSharp.csproj", "{4C6D99E8-5F24-499D-AA00-BCB03FB0D2D2}"
EndProject
Project("{F184B08F-C81C-45F6-A57F-5ABD9991F28F}") = "Cap12VB", "Cap12VB\Cap12VB.vbproj", "{490EBF2A-926D-4412-81F6-238A165ED171}"
EndProject
Project("{FAE04EC0-301F-11D3-BF4B-00C04F79EFBC}") = "Cap13CSharp", "Cap13CSharp\Cap13CSharp.csproj", "{740ABD57-E4AE-4BA2-8A05-3A3F7795FA37}"
EndProject
Project("{F184B08F-C81C-45F6-A57F-5ABD9991F28F}") = "Cap13VB", "Cap13VB\Cap13VB.vbproj", "{A8E75B70-0893-4FF0-A941-298161355009}"
EndProject
Project("{FAE04EC0-301F-11D3-BF4B-00C04F79EFBC}") = "Cap14CSharp", "Cap14CSharp\Cap14CSharp.csproj", "{BF397E13-8079-4E94-B173-95BC3A0293B3}"
EndProject
Project("{F184B08F-C81C-45F6-A57F-5ABD9991F28F}") = "Cap14VB", "Cap14VB\Cap14VB.vbproj", "{3F0F4196-1160-42CF-BE89-68EECB531037}"
EndProject
Global
	GlobalSection(SolutionConfigurationPlatforms) = preSolution
		Debug|Any CPU = Debug|Any CPU
		Release|Any CPU = Release|Any CPU
	EndGlobalSection
	GlobalSection(ProjectConfigurationPlatforms) = postSolution
		{7BA248AA-0957-492C-9B3E-C6C279B86F12}.Debug|Any CPU.ActiveCfg = Debug|Any CPU
		{7BA248AA-0957-492C-9B3E-C6C279B86F12}.Debug|Any CPU.Build.0 = Debug|Any CPU
		{7BA248AA-0957-492C-9B3E-C6C279B86F12}.Release|Any CPU.ActiveCfg = Release|Any CPU
		{7BA248AA-0957-492C-9B3E-C6C279B86F12}.Release|Any CPU.Build.0 = Release|Any CPU
		{54F576DA-0857-4E04-92A0-0CEA8BBBABF6}.Debug|Any CPU.ActiveCfg = Debug|Any CPU
		{54F576DA-0857-4E04-92A0-0CEA8BBBABF6}.Debug|Any CPU.Build.0 = Debug|Any CPU
		{54F576DA-0857-4E04-92A0-0CEA8BBBABF6}.Release|Any CPU.ActiveCfg = Release|Any CPU
		{54F576DA-0857-4E04-92A0-0CEA8BBBABF6}.Release|Any CPU.Build.0 = Release|Any CPU
		{85BA9389-781B-49A9-9A5B-E75EFB6CE457}.Debug|Any CPU.ActiveCfg = Debug|Any CPU
		{85BA9389-781B-49A9-9A5B-E75EFB6CE457}.Debug|Any CPU.Build.0 = Debug|Any CPU
		{85BA9389-781B-49A9-9A5B-E75EFB6CE457}.Release|Any CPU.ActiveCfg = Release|Any CPU
		{85BA9389-781B-49A9-9A5B-E75EFB6CE457}.Release|Any CPU.Build.0 = Release|Any CPU
		{8EDBAF64-0814-44EA-A893-C96319261594}.Debug|Any CPU.ActiveCfg = Debug|Any CPU
		{8EDBAF64-0814-44EA-A893-C96319261594}.Debug|Any CPU.Build.0 = Debug|Any CPU
		{8EDBAF64-0814-44EA-A893-C96319261594}.Release|Any CPU.ActiveCfg = Release|Any CPU
		{8EDBAF64-0814-44EA-A893-C96319261594}.Release|Any CPU.Build.0 = Release|Any CPU
		{A79B842A-D094-4719-B7AD-B2EB6B53DD1A}.Debug|Any CPU.ActiveCfg = Debug|Any CPU
		{A79B842A-D094-4719-B7AD-B2EB6B53DD1A}.Debug|Any CPU.Build.0 = Debug|Any CPU
		{A79B842A-D094-4719-B7AD-B2EB6B53DD1A}.Release|Any CPU.ActiveCfg = Release|Any CPU
		{A79B842A-D094-4719-B7AD-B2EB6B53DD1A}.Release|Any CPU.Build.0 = Release|Any CPU
		{38B48BAA-B7BD-4BAD-A18E-B405EB2E6ECB}.Debug|Any CPU.ActiveCfg = Debug|Any CPU
		{38B48BAA-B7BD-4BAD-A18E-B405EB2E6ECB}.Debug|Any CPU.Build.0 = Debug|Any CPU
		{38B48BAA-B7BD-4BAD-A18E-B405EB2E6ECB}.Release|Any CPU.ActiveCfg = Release|Any CPU
		{38B48BAA-B7BD-4BAD-A18E-B405EB2E6ECB}.Release|Any CPU.Build.0 = Release|Any CPU
		{37B0DE14-804B-40E5-BCBC-2214A8FBF462}.Debug|Any CPU.ActiveCfg = Debug|Any CPU
		{37B0DE14-804B-40E5-BCBC-2214A8FBF462}.Debug|Any CPU.Build.0 = Debug|Any CPU
		{37B0DE14-804B-40E5-BCBC-2214A8FBF462}.Release|Any CPU.ActiveCfg = Release|Any CPU
		{37B0DE14-804B-40E5-BCBC-2214A8FBF462}.Release|Any CPU.Build.0 = Release|Any CPU
		{121F3F8B-BADA-405A-B397-27A3F4F0138F}.Debug|Any CPU.ActiveCfg = Debug|Any CPU
		{121F3F8B-BADA-405A-B397-27A3F4F0138F}.Debug|Any CPU.Build.0 = Debug|Any CPU
		{121F3F8B-BADA-405A-B397-27A3F4F0138F}.Release|Any CPU.ActiveCfg = Release|Any CPU
		{121F3F8B-BADA-405A-B397-27A3F4F0138F}.Release|Any CPU.Build.0 = Release|Any CPU
		{528EEEE6-9FDC-4D4C-AEC5-F57A539872B0}.Debug|Any CPU.ActiveCfg = Debug|Any CPU
		{528EEEE6-9FDC-4D4C-AEC5-F57A539872B0}.Debug|Any CPU.Build.0 = Debug|Any CPU
		{528EEEE6-9FDC-4D4C-AEC5-F57A539872B0}.Release|Any CPU.ActiveCfg = Release|Any CPU
		{528EEEE6-9FDC-4D4C-AEC5-F57A539872B0}.Release|Any CPU.Build.0 = Release|Any CPU
		{F9A6877B-FAFC-4169-911E-25CD0ECB2A4D}.Debug|Any CPU.ActiveCfg = Debug|Any CPU
		{F9A6877B-FAFC-4169-911E-25CD0ECB2A4D}.Debug|Any CPU.Build.0 = Debug|Any CPU
		{F9A6877B-FAFC-4169-911E-25CD0ECB2A4D}.Release|Any CPU.ActiveCfg = Release|Any CPU
		{F9A6877B-FAFC-4169-911E-25CD0ECB2A4D}.Release|Any CPU.Build.0 = Release|Any CPU
		{628FB513-95E4-4290-930B-8D04DCEB40EA}.Debug|Any CPU.ActiveCfg = Debug|Any CPU
		{628FB513-95E4-4290-930B-8D04DCEB40EA}.Debug|Any CPU.Build.0 = Debug|Any CPU
		{628FB513-95E4-4290-930B-8D04DCEB40EA}.Release|Any CPU.ActiveCfg = Release|Any CPU
		{628FB513-95E4-4290-930B-8D04DCEB40EA}.Release|Any CPU.Build.0 = Release|Any CPU
		{E30DE71C-FAA7-420A-98F8-758BAF0AD1FA}.Debug|Any CPU.ActiveCfg = Debug|Any CPU
		{E30DE71C-FAA7-420A-98F8-758BAF0AD1FA}.Debug|Any CPU.Build.0 = Debug|Any CPU
		{E30DE71C-FAA7-420A-98F8-758BAF0AD1FA}.Release|Any CPU.ActiveCfg = Release|Any CPU
		{E30DE71C-FAA7-420A-98F8-758BAF0AD1FA}.Release|Any CPU.Build.0 = Release|Any CPU
		{98C7E345-4687-4907-9662-7041B96396DA}.Debug|Any CPU.ActiveCfg = Debug|Any CPU
		{98C7E345-4687-4907-9662-7041B96396DA}.Debug|Any CPU.Build.0 = Debug|Any CPU
		{98C7E345-4687-4907-9662-7041B96396DA}.Release|Any CPU.ActiveCfg = Release|Any CPU
		{98C7E345-4687-4907-9662-7041B96396DA}.Release|Any CPU.Build.0 = Release|Any CPU
		{D74361A8-6FEA-4F59-BB4C-B09DB0D5921D}.Debug|Any CPU.ActiveCfg = Debug|Any CPU
		{D74361A8-6FEA-4F59-BB4C-B09DB0D5921D}.Debug|Any CPU.Build.0 = Debug|Any CPU
		{D74361A8-6FEA-4F59-BB4C-B09DB0D5921D}.Release|Any CPU.ActiveCfg = Release|Any CPU
		{D74361A8-6FEA-4F59-BB4C-B09DB0D5921D}.Release|Any CPU.Build.0 = Release|Any CPU
		{A3DDC141-94C2-4254-992D-453743FF2CCE}.Debug|Any CPU.ActiveCfg = Debug|Any CPU
		{A3DDC141-94C2-4254-992D-453743FF2CCE}.Debug|Any CPU.Build.0 = Debug|Any CPU
		{A3DDC141-94C2-4254-992D-453743FF2CCE}.Release|Any CPU.ActiveCfg = Release|Any CPU
		{A3DDC141-94C2-4254-992D-453743FF2CCE}.Release|Any CPU.Build.0 = Release|Any CPU
		{4ACE7904-4EDD-42C9-872A-5D13E8DE3D25}.Debug|Any CPU.ActiveCfg = Debug|Any CPU
		{4ACE7904-4EDD-42C9-872A-5D13E8DE3D25}.Debug|Any CPU.Build.0 = Debug|Any CPU
		{4ACE7904-4EDD-42C9-872A-5D13E8DE3D25}.Release|Any CPU.ActiveCfg = Release|Any CPU
		{4ACE7904-4EDD-42C9-872A-5D13E8DE3D25}.Release|Any CPU.Build.0 = Release|Any CPU
		{A47F7022-F2E1-4841-BBF7-ECA6C3E78AFD}.Debug|Any CPU.ActiveCfg = Debug|Any CPU
		{A47F7022-F2E1-4841-BBF7-ECA6C3E78AFD}.Debug|Any CPU.Build.0 = Debug|Any CPU
		{A47F7022-F2E1-4841-BBF7-ECA6C3E78AFD}.Release|Any CPU.ActiveCfg = Release|Any CPU
		{A47F7022-F2E1-4841-BBF7-ECA6C3E78AFD}.Release|Any CPU.Build.0 = Release|Any CPU
		{351F4372-C8B4-4C0E-86DE-70D308FF078A}.Debug|Any CPU.ActiveCfg = Debug|Any CPU
		{351F4372-C8B4-4C0E-86DE-70D308FF078A}.Debug|Any CPU.Build.0 = Debug|Any CPU
		{351F4372-C8B4-4C0E-86DE-70D308FF078A}.Release|Any CPU.ActiveCfg = Release|Any CPU
		{351F4372-C8B4-4C0E-86DE-70D308FF078A}.Release|Any CPU.Build.0 = Release|Any CPU
		{8AF8CBD2-B43E-48A7-9C89-3E11314BA277}.Debug|Any CPU.ActiveCfg = Debug|Any CPU
		{8AF8CBD2-B43E-48A7-9C89-3E11314BA277}.Debug|Any CPU.Build.0 = Debug|Any CPU
		{8AF8CBD2-B43E-48A7-9C89-3E11314BA277}.Release|Any CPU.ActiveCfg = Release|Any CPU
		{8AF8CBD2-B43E-48A7-9C89-3E11314BA277}.Release|Any CPU.Build.0 = Release|Any CPU
		{F1CCFA00-1994-4208-85EE-8071B1E1F120}.Debug|Any CPU.ActiveCfg = Debug|Any CPU
		{F1CCFA00-1994-4208-85EE-8071B1E1F120}.Debug|Any CPU.Build.0 = Debug|Any CPU
		{F1CCFA00-1994-4208-85EE-8071B1E1F120}.Release|Any CPU.ActiveCfg = Release|Any CPU
		{F1CCFA00-1994-4208-85EE-8071B1E1F120}.Release|Any CPU.Build.0 = Release|Any CPU
		{F7225A31-5576-4F08-86C6-E62756B0B425}.Debug|Any CPU.ActiveCfg = Debug|Any CPU
		{F7225A31-5576-4F08-86C6-E62756B0B425}.Debug|Any CPU.Build.0 = Debug|Any CPU
		{F7225A31-5576-4F08-86C6-E62756B0B425}.Release|Any CPU.ActiveCfg = Release|Any CPU
		{F7225A31-5576-4F08-86C6-E62756B0B425}.Release|Any CPU.Build.0 = Release|Any CPU
		{4C6D99E8-5F24-499D-AA00-BCB03FB0D2D2}.Debug|Any CPU.ActiveCfg = Debug|Any CPU
		{4C6D99E8-5F24-499D-AA00-BCB03FB0D2D2}.Debug|Any CPU.Build.0 = Debug|Any CPU
		{4C6D99E8-5F24-499D-AA00-BCB03FB0D2D2}.Release|Any CPU.ActiveCfg = Release|Any CPU
		{4C6D99E8-5F24-499D-AA00-BCB03FB0D2D2}.Release|Any CPU.Build.0 = Release|Any CPU
		{490EBF2A-926D-4412-81F6-238A165ED171}.Debug|Any CPU.ActiveCfg = Debug|Any CPU
		{490EBF2A-926D-4412-81F6-238A165ED171}.Debug|Any CPU.Build.0 = Debug|Any CPU
		{490EBF2A-926D-4412-81F6-238A165ED171}.Release|Any CPU.ActiveCfg = Release|Any CPU
		{490EBF2A-926D-4412-81F6-238A165ED171}.Release|Any CPU.Build.0 = Release|Any CPU
		{740ABD57-E4AE-4BA2-8A05-3A3F7795FA37}.Debug|Any CPU.ActiveCfg = Debug|Any CPU
		{740ABD57-E4AE-4BA2-8A05-3A3F7795FA37}.Debug|Any CPU.Build.0 = Debug|Any CPU
		{740ABD57-E4AE-4BA2-8A05-3A3F7795FA37}.Release|Any CPU.ActiveCfg = Release|Any CPU
		{740ABD57-E4AE-4BA2-8A05-3A3F7795FA37}.Release|Any CPU.Build.0 = Release|Any CPU
		{A8E75B70-0893-4FF0-A941-298161355009}.Debug|Any CPU.ActiveCfg = Debug|Any CPU
		{A8E75B70-0893-4FF0-A941-298161355009}.Debug|Any CPU.Build.0 = Debug|Any CPU
		{A8E75B70-0893-4FF0-A941-298161355009}.Release|Any CPU.ActiveCfg = Release|Any CPU
		{A8E75B70-0893-4FF0-A941-298161355009}.Release|Any CPU.Build.0 = Release|Any CPU
		{BF397E13-8079-4E94-B173-95BC3A0293B3}.Debug|Any CPU.ActiveCfg = Debug|Any CPU
		{BF397E13-8079-4E94-B173-95BC3A0293B3}.Debug|Any CPU.Build.0 = Debug|Any CPU
		{BF397E13-8079-4E94-B173-95BC3A0293B3}.Release|Any CPU.ActiveCfg = Release|Any CPU
		{BF397E13-8079-4E94-B173-95BC3A0293B3}.Release|Any CPU.Build.0 = Release|Any CPU
		{3F0F4196-1160-42CF-BE89-68EECB531037}.Debug|Any CPU.ActiveCfg = Debug|Any CPU
		{3F0F4196-1160-42CF-BE89-68EECB531037}.Debug|Any CPU.Build.0 = Debug|Any CPU
		{3F0F4196-1160-42CF-BE89-68EECB531037}.Release|Any CPU.ActiveCfg = Release|Any CPU
		{3F0F4196-1160-42CF-BE89-68EECB531037}.Release|Any CPU.Build.0 = Release|Any CPU
	EndGlobalSection
	GlobalSection(SolutionProperties) = preSolution
		HideSolutionNode = FALSE
	EndGlobalSection
	GlobalSection(NestedProjects) = preSolution
		{7BA248AA-0957-492C-9B3E-C6C279B86F12} = {A3C45F0F-07B5-4E65-AAD4-B90A37F74DBC}
		{54F576DA-0857-4E04-92A0-0CEA8BBBABF6} = {1E24F525-463D-4ADC-B014-1FFDA51F2421}
		{85BA9389-781B-49A9-9A5B-E75EFB6CE457} = {A3C45F0F-07B5-4E65-AAD4-B90A37F74DBC}
		{8EDBAF64-0814-44EA-A893-C96319261594} = {1E24F525-463D-4ADC-B014-1FFDA51F2421}
		{A79B842A-D094-4719-B7AD-B2EB6B53DD1A} = {A3C45F0F-07B5-4E65-AAD4-B90A37F74DBC}
		{38B48BAA-B7BD-4BAD-A18E-B405EB2E6ECB} = {1E24F525-463D-4ADC-B014-1FFDA51F2421}
		{37B0DE14-804B-40E5-BCBC-2214A8FBF462} = {A3C45F0F-07B5-4E65-AAD4-B90A37F74DBC}
		{121F3F8B-BADA-405A-B397-27A3F4F0138F} = {1E24F525-463D-4ADC-B014-1FFDA51F2421}
		{528EEEE6-9FDC-4D4C-AEC5-F57A539872B0} = {A3C45F0F-07B5-4E65-AAD4-B90A37F74DBC}
		{F9A6877B-FAFC-4169-911E-25CD0ECB2A4D} = {1E24F525-463D-4ADC-B014-1FFDA51F2421}
		{628FB513-95E4-4290-930B-8D04DCEB40EA} = {A3C45F0F-07B5-4E65-AAD4-B90A37F74DBC}
		{E30DE71C-FAA7-420A-98F8-758BAF0AD1FA} = {1E24F525-463D-4ADC-B014-1FFDA51F2421}
		{98C7E345-4687-4907-9662-7041B96396DA} = {A3C45F0F-07B5-4E65-AAD4-B90A37F74DBC}
		{D74361A8-6FEA-4F59-BB4C-B09DB0D5921D} = {A3C45F0F-07B5-4E65-AAD4-B90A37F74DBC}
		{A3DDC141-94C2-4254-992D-453743FF2CCE} = {1E24F525-463D-4ADC-B014-1FFDA51F2421}
		{4ACE7904-4EDD-42C9-872A-5D13E8DE3D25} = {A3C45F0F-07B5-4E65-AAD4-B90A37F74DBC}
		{A47F7022-F2E1-4841-BBF7-ECA6C3E78AFD} = {1E24F525-463D-4ADC-B014-1FFDA51F2421}
		{351F4372-C8B4-4C0E-86DE-70D308FF078A} = {A3C45F0F-07B5-4E65-AAD4-B90A37F74DBC}
		{8AF8CBD2-B43E-48A7-9C89-3E11314BA277} = {1E24F525-463D-4ADC-B014-1FFDA51F2421}
		{F1CCFA00-1994-4208-85EE-8071B1E1F120} = {A3C45F0F-07B5-4E65-AAD4-B90A37F74DBC}
		{F7225A31-5576-4F08-86C6-E62756B0B425} = {1E24F525-463D-4ADC-B014-1FFDA51F2421}
		{4C6D99E8-5F24-499D-AA00-BCB03FB0D2D2} = {A3C45F0F-07B5-4E65-AAD4-B90A37F74DBC}
		{490EBF2A-926D-4412-81F6-238A165ED171} = {1E24F525-463D-4ADC-B014-1FFDA51F2421}
		{740ABD57-E4AE-4BA2-8A05-3A3F7795FA37} = {A3C45F0F-07B5-4E65-AAD4-B90A37F74DBC}
		{A8E75B70-0893-4FF0-A941-298161355009} = {1E24F525-463D-4ADC-B014-1FFDA51F2421}
		{BF397E13-8079-4E94-B173-95BC3A0293B3} = {A3C45F0F-07B5-4E65-AAD4-B90A37F74DBC}
		{3F0F4196-1160-42CF-BE89-68EECB531037} = {1E24F525-463D-4ADC-B014-1FFDA51F2421}
	EndGlobalSection
	GlobalSection(ExtensibilityGlobals) = postSolution
		SolutionGuid = {C115CAB9-F9DB-4FA4-B377-623F3AAF9498}
	EndGlobalSection
EndGlobal
